// !$*UTF8*$!
{
	archiveVersion = 1;
	classes = {
	};
	objectVersion = 56;
	objects = {

/* Begin PBXBuildFile section */
		524ABCE62941D67800205599 /* RagiSmoothList.framework in Frameworks */ = {isa = PBXBuildFile; fileRef = 52D01DFC2941CE4700103B11 /* RagiSmoothList.framework */; };
		524ABCE72941D67800205599 /* RagiSmoothList.framework in Embed Frameworks */ = {isa = PBXBuildFile; fileRef = 52D01DFC2941CE4700103B11 /* RagiSmoothList.framework */; settings = {ATTRIBUTES = (CodeSignOnCopy, RemoveHeadersOnCopy, ); }; };
		524ABCEC29420F0000205599 /* InnerTableViewCell.swift in Sources */ = {isa = PBXBuildFile; fileRef = 524ABCEB29420F0000205599 /* InnerTableViewCell.swift */; };
		52D01E002941CE4700103B11 /* RagiSmoothList.h in Headers */ = {isa = PBXBuildFile; fileRef = 52D01DFF2941CE4700103B11 /* RagiSmoothList.h */; settings = {ATTRIBUTES = (Public, ); }; };
		52D01E0D2941D05900103B11 /* RagiSmoothList.swift in Sources */ = {isa = PBXBuildFile; fileRef = 52D01E0C2941D05900103B11 /* RagiSmoothList.swift */; };
		52D01E152941D19000103B11 /* RagiSmoothListExampleAppApp.swift in Sources */ = {isa = PBXBuildFile; fileRef = 52D01E142941D19000103B11 /* RagiSmoothListExampleAppApp.swift */; };
		52D01E172941D19000103B11 /* ContentView.swift in Sources */ = {isa = PBXBuildFile; fileRef = 52D01E162941D19000103B11 /* ContentView.swift */; };
		52D01E192941D19100103B11 /* Assets.xcassets in Resources */ = {isa = PBXBuildFile; fileRef = 52D01E182941D19100103B11 /* Assets.xcassets */; };
		52D01E1C2941D19100103B11 /* Preview Assets.xcassets in Resources */ = {isa = PBXBuildFile; fileRef = 52D01E1B2941D19100103B11 /* Preview Assets.xcassets */; };
		52FF04362942149F0044495F /* InnerTableView.swift in Sources */ = {isa = PBXBuildFile; fileRef = 52FF04352942149F0044495F /* InnerTableView.swift */; };
		52FF043A294216DA0044495F /* RagiSmoothListSectionItemType.swift in Sources */ = {isa = PBXBuildFile; fileRef = 52FF0439294216DA0044495F /* RagiSmoothListSectionItemType.swift */; };
		52FF043D2942177F0044495F /* Differentiator in Frameworks */ = {isa = PBXBuildFile; productRef = 52FF043C2942177F0044495F /* Differentiator */; };
		52FF044429421D9D0044495F /* InfiniteScrollSampleViewModel.swift in Sources */ = {isa = PBXBuildFile; fileRef = 52FF044329421D9D0044495F /* InfiniteScrollSampleViewModel.swift */; };
		52FF044629421DCF0044495F /* Employee.swift in Sources */ = {isa = PBXBuildFile; fileRef = 52FF044529421DCF0044495F /* Employee.swift */; };
		52FF044B29421F810044495F /* RagiSmoothListTextCell.swift in Sources */ = {isa = PBXBuildFile; fileRef = 52FF044929421F7C0044495F /* RagiSmoothListTextCell.swift */; };
		52FF044E294220E80044495F /* RagiSmoothListButtonCell.swift in Sources */ = {isa = PBXBuildFile; fileRef = 52FF044C29421FE90044495F /* RagiSmoothListButtonCell.swift */; };
		52FF04542943583F0044495F /* HostingView.swift in Sources */ = {isa = PBXBuildFile; fileRef = 52FF0452294357F50044495F /* HostingView.swift */; };
		52FF045629435A980044495F /* InnerTableViewSection.swift in Sources */ = {isa = PBXBuildFile; fileRef = 52FF045529435A980044495F /* InnerTableViewSection.swift */; };
		52FF045A2944B0700044495F /* InfiniteScrollSampleView.swift in Sources */ = {isa = PBXBuildFile; fileRef = 52FF04592944B0700044495F /* InfiniteScrollSampleView.swift */; };
		52FF045C2944B2890044495F /* SimpleListSampleView.swift in Sources */ = {isa = PBXBuildFile; fileRef = 52FF045B2944B2890044495F /* SimpleListSampleView.swift */; };
		52FF045E29459D760044495F /* RagiSmoothListConfiguration.swift in Sources */ = {isa = PBXBuildFile; fileRef = 52FF045D29459D760044495F /* RagiSmoothListConfiguration.swift */; };
		52FF046029459DB20044495F /* RagiSmoothListEmptySection.swift in Sources */ = {isa = PBXBuildFile; fileRef = 52FF045F29459DB20044495F /* RagiSmoothListEmptySection.swift */; };
		52FF046229459E170044495F /* RagiSmoothListSectionModel.swift in Sources */ = {isa = PBXBuildFile; fileRef = 52FF046129459E170044495F /* RagiSmoothListSectionModel.swift */; };
		52FF04652945F89C0044495F /* VerySlowStandardListSampleView.swift in Sources */ = {isa = PBXBuildFile; fileRef = 52FF04642945F89C0044495F /* VerySlowStandardListSampleView.swift */; };
/* End PBXBuildFile section */

/* Begin PBXContainerItemProxy section */
		524ABCE82941D67800205599 /* PBXContainerItemProxy */ = {
			isa = PBXContainerItemProxy;
			containerPortal = 52D01DF32941CE4700103B11 /* Project object */;
			proxyType = 1;
			remoteGlobalIDString = 52D01DFB2941CE4700103B11;
			remoteInfo = RagiSmoothList;
		};
/* End PBXContainerItemProxy section */

/* Begin PBXCopyFilesBuildPhase section */
		524ABCEA2941D67800205599 /* Embed Frameworks */ = {
			isa = PBXCopyFilesBuildPhase;
			buildActionMask = 2147483647;
			dstPath = "";
			dstSubfolderSpec = 10;
			files = (
				524ABCE72941D67800205599 /* RagiSmoothList.framework in Embed Frameworks */,
			);
			name = "Embed Frameworks";
			runOnlyForDeploymentPostprocessing = 0;
		};
/* End PBXCopyFilesBuildPhase section */

/* Begin PBXFileReference section */
		524ABCEB29420F0000205599 /* InnerTableViewCell.swift */ = {isa = PBXFileReference; lastKnownFileType = sourcecode.swift; path = InnerTableViewCell.swift; sourceTree = "<group>"; };
		52D01DFC2941CE4700103B11 /* RagiSmoothList.framework */ = {isa = PBXFileReference; explicitFileType = wrapper.framework; includeInIndex = 0; path = RagiSmoothList.framework; sourceTree = BUILT_PRODUCTS_DIR; };
		52D01DFF2941CE4700103B11 /* RagiSmoothList.h */ = {isa = PBXFileReference; lastKnownFileType = sourcecode.c.h; path = RagiSmoothList.h; sourceTree = "<group>"; };
		52D01E0C2941D05900103B11 /* RagiSmoothList.swift */ = {isa = PBXFileReference; lastKnownFileType = sourcecode.swift; path = RagiSmoothList.swift; sourceTree = "<group>"; };
		52D01E122941D19000103B11 /* RagiSmoothListExampleApp.app */ = {isa = PBXFileReference; explicitFileType = wrapper.application; includeInIndex = 0; path = RagiSmoothListExampleApp.app; sourceTree = BUILT_PRODUCTS_DIR; };
		52D01E142941D19000103B11 /* RagiSmoothListExampleAppApp.swift */ = {isa = PBXFileReference; lastKnownFileType = sourcecode.swift; path = RagiSmoothListExampleAppApp.swift; sourceTree = "<group>"; };
		52D01E162941D19000103B11 /* ContentView.swift */ = {isa = PBXFileReference; lastKnownFileType = sourcecode.swift; path = ContentView.swift; sourceTree = "<group>"; };
		52D01E182941D19100103B11 /* Assets.xcassets */ = {isa = PBXFileReference; lastKnownFileType = folder.assetcatalog; path = Assets.xcassets; sourceTree = "<group>"; };
		52D01E1B2941D19100103B11 /* Preview Assets.xcassets */ = {isa = PBXFileReference; lastKnownFileType = folder.assetcatalog; path = "Preview Assets.xcassets"; sourceTree = "<group>"; };
		52D01E212941D1C600103B11 /* RagiSmoothList */ = {isa = PBXFileReference; lastKnownFileType = wrapper; name = RagiSmoothList; path = ..; sourceTree = "<group>"; };
		52FF04352942149F0044495F /* InnerTableView.swift */ = {isa = PBXFileReference; lastKnownFileType = sourcecode.swift; path = InnerTableView.swift; sourceTree = "<group>"; };
		52FF0439294216DA0044495F /* RagiSmoothListSectionItemType.swift */ = {isa = PBXFileReference; lastKnownFileType = sourcecode.swift; path = RagiSmoothListSectionItemType.swift; sourceTree = "<group>"; };
		52FF044329421D9D0044495F /* InfiniteScrollSampleViewModel.swift */ = {isa = PBXFileReference; lastKnownFileType = sourcecode.swift; path = InfiniteScrollSampleViewModel.swift; sourceTree = "<group>"; };
		52FF044529421DCF0044495F /* Employee.swift */ = {isa = PBXFileReference; lastKnownFileType = sourcecode.swift; path = Employee.swift; sourceTree = "<group>"; };
		52FF044929421F7C0044495F /* RagiSmoothListTextCell.swift */ = {isa = PBXFileReference; lastKnownFileType = sourcecode.swift; path = RagiSmoothListTextCell.swift; sourceTree = "<group>"; };
		52FF044C29421FE90044495F /* RagiSmoothListButtonCell.swift */ = {isa = PBXFileReference; lastKnownFileType = sourcecode.swift; path = RagiSmoothListButtonCell.swift; sourceTree = "<group>"; };
		52FF0452294357F50044495F /* HostingView.swift */ = {isa = PBXFileReference; lastKnownFileType = sourcecode.swift; path = HostingView.swift; sourceTree = "<group>"; };
		52FF045529435A980044495F /* InnerTableViewSection.swift */ = {isa = PBXFileReference; lastKnownFileType = sourcecode.swift; path = InnerTableViewSection.swift; sourceTree = "<group>"; };
		52FF04592944B0700044495F /* InfiniteScrollSampleView.swift */ = {isa = PBXFileReference; fileEncoding = 4; lastKnownFileType = sourcecode.swift; path = InfiniteScrollSampleView.swift; sourceTree = "<group>"; };
		52FF045B2944B2890044495F /* SimpleListSampleView.swift */ = {isa = PBXFileReference; lastKnownFileType = sourcecode.swift; path = SimpleListSampleView.swift; sourceTree = "<group>"; };
		52FF045D29459D760044495F /* RagiSmoothListConfiguration.swift */ = {isa = PBXFileReference; lastKnownFileType = sourcecode.swift; path = RagiSmoothListConfiguration.swift; sourceTree = "<group>"; };
		52FF045F29459DB20044495F /* RagiSmoothListEmptySection.swift */ = {isa = PBXFileReference; lastKnownFileType = sourcecode.swift; path = RagiSmoothListEmptySection.swift; sourceTree = "<group>"; };
		52FF046129459E170044495F /* RagiSmoothListSectionModel.swift */ = {isa = PBXFileReference; fileEncoding = 4; lastKnownFileType = sourcecode.swift; path = RagiSmoothListSectionModel.swift; sourceTree = "<group>"; };
		52FF04642945F89C0044495F /* VerySlowStandardListSampleView.swift */ = {isa = PBXFileReference; lastKnownFileType = sourcecode.swift; path = VerySlowStandardListSampleView.swift; sourceTree = "<group>"; };
/* End PBXFileReference section */

/* Begin PBXFrameworksBuildPhase section */
		52D01DF92941CE4700103B11 /* Frameworks */ = {
			isa = PBXFrameworksBuildPhase;
			buildActionMask = 2147483647;
			files = (
				52FF043D2942177F0044495F /* Differentiator in Frameworks */,
			);
			runOnlyForDeploymentPostprocessing = 0;
		};
		52D01E0F2941D19000103B11 /* Frameworks */ = {
			isa = PBXFrameworksBuildPhase;
			buildActionMask = 2147483647;
			files = (
				524ABCE62941D67800205599 /* RagiSmoothList.framework in Frameworks */,
			);
			runOnlyForDeploymentPostprocessing = 0;
		};
/* End PBXFrameworksBuildPhase section */

/* Begin PBXGroup section */
		524ABCE52941D67800205599 /* Frameworks */ = {
			isa = PBXGroup;
			children = (
			);
			name = Frameworks;
			sourceTree = "<group>";
		};
		52D01DF22941CE4700103B11 = {
			isa = PBXGroup;
			children = (
				52D01E202941D1C600103B11 /* Packages */,
				52D01E062941D00F00103B11 /* Sources */,
				52D01DFF2941CE4700103B11 /* RagiSmoothList.h */,
				52D01E132941D19000103B11 /* RagiSmoothListExampleApp */,
				52D01E182941D19100103B11 /* Assets.xcassets */,
				52D01E142941D19000103B11 /* RagiSmoothListExampleAppApp.swift */,
				52D01DFD2941CE4700103B11 /* Products */,
				524ABCE52941D67800205599 /* Frameworks */,
			);
			sourceTree = "<group>";
		};
		52D01DFD2941CE4700103B11 /* Products */ = {
			isa = PBXGroup;
			children = (
				52D01DFC2941CE4700103B11 /* RagiSmoothList.framework */,
				52D01E122941D19000103B11 /* RagiSmoothListExampleApp.app */,
			);
			name = Products;
			sourceTree = "<group>";
		};
		52D01E062941D00F00103B11 /* Sources */ = {
			isa = PBXGroup;
			children = (
				52FF044829421F1B0044495F /* Cells */,
				52D01E072941D00F00103B11 /* RagiSmoothList */,
				52FF044729421E9B0044495F /* Section */,
			);
			name = Sources;
			path = ../Sources;
			sourceTree = "<group>";
		};
		52D01E072941D00F00103B11 /* RagiSmoothList */ = {
			isa = PBXGroup;
			children = (
				52FF0452294357F50044495F /* HostingView.swift */,
				52FF04352942149F0044495F /* InnerTableView.swift */,
				524ABCEB29420F0000205599 /* InnerTableViewCell.swift */,
				52FF045529435A980044495F /* InnerTableViewSection.swift */,
				52D01E0C2941D05900103B11 /* RagiSmoothList.swift */,
				52FF045D29459D760044495F /* RagiSmoothListConfiguration.swift */,
			);
			path = RagiSmoothList;
			sourceTree = "<group>";
		};
		52D01E132941D19000103B11 /* RagiSmoothListExampleApp */ = {
			isa = PBXGroup;
			children = (
				52FF043E29421D000044495F /* Models */,
				52D01E1A2941D19100103B11 /* Preview Content */,
				52FF043F29421D0A0044495F /* ViewModels */,
				52FF044029421D150044495F /* Views */,
			);
			path = RagiSmoothListExampleApp;
			sourceTree = "<group>";
		};
		52D01E1A2941D19100103B11 /* Preview Content */ = {
			isa = PBXGroup;
			children = (
				52D01E1B2941D19100103B11 /* Preview Assets.xcassets */,
			);
			path = "Preview Content";
			sourceTree = "<group>";
		};
		52D01E202941D1C600103B11 /* Packages */ = {
			isa = PBXGroup;
			children = (
				52D01E212941D1C600103B11 /* RagiSmoothList */,
			);
			name = Packages;
			sourceTree = "<group>";
		};
		52FF043E29421D000044495F /* Models */ = {
			isa = PBXGroup;
			children = (
				52FF044529421DCF0044495F /* Employee.swift */,
			);
			path = Models;
			sourceTree = "<group>";
		};
		52FF043F29421D0A0044495F /* ViewModels */ = {
			isa = PBXGroup;
			children = (
				52FF044329421D9D0044495F /* InfiniteScrollSampleViewModel.swift */,
			);
			path = ViewModels;
			sourceTree = "<group>";
		};
		52FF044029421D150044495F /* Views */ = {
			isa = PBXGroup;
			children = (
				52D01E162941D19000103B11 /* ContentView.swift */,
				52FF04592944B0700044495F /* InfiniteScrollSampleView.swift */,
				52FF045B2944B2890044495F /* SimpleListSampleView.swift */,
				52FF04642945F89C0044495F /* VerySlowStandardListSampleView.swift */,
			);
			path = Views;
			sourceTree = "<group>";
		};
		52FF044729421E9B0044495F /* Section */ = {
			isa = PBXGroup;
			children = (
				52FF045F29459DB20044495F /* RagiSmoothListEmptySection.swift */,
				52FF0439294216DA0044495F /* RagiSmoothListSectionItemType.swift */,
				52FF046129459E170044495F /* RagiSmoothListSectionModel.swift */,
			);
			path = Section;
			sourceTree = "<group>";
		};
		52FF044829421F1B0044495F /* Cells */ = {
			isa = PBXGroup;
			children = (
				52FF044929421F7C0044495F /* RagiSmoothListTextCell.swift */,
				52FF044C29421FE90044495F /* RagiSmoothListButtonCell.swift */,
			);
			path = Cells;
			sourceTree = "<group>";
		};
/* End PBXGroup section */

/* Begin PBXHeadersBuildPhase section */
		52D01DF72941CE4700103B11 /* Headers */ = {
			isa = PBXHeadersBuildPhase;
			buildActionMask = 2147483647;
			files = (
				52D01E002941CE4700103B11 /* RagiSmoothList.h in Headers */,
			);
			runOnlyForDeploymentPostprocessing = 0;
		};
/* End PBXHeadersBuildPhase section */

/* Begin PBXNativeTarget section */
		52D01DFB2941CE4700103B11 /* RagiSmoothList */ = {
			isa = PBXNativeTarget;
			buildConfigurationList = 52D01E032941CE4700103B11 /* Build configuration list for PBXNativeTarget "RagiSmoothList" */;
			buildPhases = (
				52D01DF72941CE4700103B11 /* Headers */,
				52D01DF82941CE4700103B11 /* Sources */,
				52D01DF92941CE4700103B11 /* Frameworks */,
				52D01DFA2941CE4700103B11 /* Resources */,
			);
			buildRules = (
			);
			dependencies = (
			);
			name = RagiSmoothList;
			packageProductDependencies = (
				52FF043C2942177F0044495F /* Differentiator */,
			);
			productName = RagiSmoothList;
			productReference = 52D01DFC2941CE4700103B11 /* RagiSmoothList.framework */;
			productType = "com.apple.product-type.framework";
		};
		52D01E112941D19000103B11 /* RagiSmoothListExampleApp */ = {
			isa = PBXNativeTarget;
			buildConfigurationList = 52D01E1F2941D19100103B11 /* Build configuration list for PBXNativeTarget "RagiSmoothListExampleApp" */;
			buildPhases = (
				52D01E0E2941D19000103B11 /* Sources */,
				52D01E0F2941D19000103B11 /* Frameworks */,
				52D01E102941D19000103B11 /* Resources */,
				524ABCEA2941D67800205599 /* Embed Frameworks */,
			);
			buildRules = (
			);
			dependencies = (
				524ABCE92941D67800205599 /* PBXTargetDependency */,
			);
			name = RagiSmoothListExampleApp;
			productName = RagiSmoothListExampleApp;
			productReference = 52D01E122941D19000103B11 /* RagiSmoothListExampleApp.app */;
			productType = "com.apple.product-type.application";
		};
/* End PBXNativeTarget section */

/* Begin PBXProject section */
		52D01DF32941CE4700103B11 /* Project object */ = {
			isa = PBXProject;
			attributes = {
				BuildIndependentTargetsInParallel = 1;
				LastSwiftUpdateCheck = 1410;
				LastUpgradeCheck = 1410;
				TargetAttributes = {
					52D01DFB2941CE4700103B11 = {
						CreatedOnToolsVersion = 14.1;
						LastSwiftMigration = 1410;
					};
					52D01E112941D19000103B11 = {
						CreatedOnToolsVersion = 14.1;
					};
				};
			};
			buildConfigurationList = 52D01DF62941CE4700103B11 /* Build configuration list for PBXProject "RagiSmoothList" */;
			compatibilityVersion = "Xcode 14.0";
			developmentRegion = en;
			hasScannedForEncodings = 0;
			knownRegions = (
				en,
				Base,
			);
			mainGroup = 52D01DF22941CE4700103B11;
			packageReferences = (
				52FF043B2942177F0044495F /* XCRemoteSwiftPackageReference "RxDataSources" */,
			);
			productRefGroup = 52D01DFD2941CE4700103B11 /* Products */;
			projectDirPath = "";
			projectRoot = "";
			targets = (
				52D01DFB2941CE4700103B11 /* RagiSmoothList */,
				52D01E112941D19000103B11 /* RagiSmoothListExampleApp */,
			);
		};
/* End PBXProject section */

/* Begin PBXResourcesBuildPhase section */
		52D01DFA2941CE4700103B11 /* Resources */ = {
			isa = PBXResourcesBuildPhase;
			buildActionMask = 2147483647;
			files = (
			);
			runOnlyForDeploymentPostprocessing = 0;
		};
		52D01E102941D19000103B11 /* Resources */ = {
			isa = PBXResourcesBuildPhase;
			buildActionMask = 2147483647;
			files = (
				52D01E1C2941D19100103B11 /* Preview Assets.xcassets in Resources */,
				52D01E192941D19100103B11 /* Assets.xcassets in Resources */,
			);
			runOnlyForDeploymentPostprocessing = 0;
		};
/* End PBXResourcesBuildPhase section */

/* Begin PBXSourcesBuildPhase section */
		52D01DF82941CE4700103B11 /* Sources */ = {
			isa = PBXSourcesBuildPhase;
			buildActionMask = 2147483647;
			files = (
				52FF044E294220E80044495F /* RagiSmoothListButtonCell.swift in Sources */,
				524ABCEC29420F0000205599 /* InnerTableViewCell.swift in Sources */,
				52D01E0D2941D05900103B11 /* RagiSmoothList.swift in Sources */,
				52FF046029459DB20044495F /* RagiSmoothListEmptySection.swift in Sources */,
				52FF04542943583F0044495F /* HostingView.swift in Sources */,
				52FF045E29459D760044495F /* RagiSmoothListConfiguration.swift in Sources */,
				52FF043A294216DA0044495F /* RagiSmoothListSectionItemType.swift in Sources */,
				52FF046229459E170044495F /* RagiSmoothListSectionModel.swift in Sources */,
				52FF04362942149F0044495F /* InnerTableView.swift in Sources */,
				52FF045629435A980044495F /* InnerTableViewSection.swift in Sources */,
				52FF044B29421F810044495F /* RagiSmoothListTextCell.swift in Sources */,
			);
			runOnlyForDeploymentPostprocessing = 0;
		};
		52D01E0E2941D19000103B11 /* Sources */ = {
			isa = PBXSourcesBuildPhase;
			buildActionMask = 2147483647;
			files = (
				52FF045A2944B0700044495F /* InfiniteScrollSampleView.swift in Sources */,
				52D01E172941D19000103B11 /* ContentView.swift in Sources */,
				52FF04652945F89C0044495F /* VerySlowStandardListSampleView.swift in Sources */,
				52FF045C2944B2890044495F /* SimpleListSampleView.swift in Sources */,
				52FF044429421D9D0044495F /* InfiniteScrollSampleViewModel.swift in Sources */,
				52FF044629421DCF0044495F /* Employee.swift in Sources */,
				52D01E152941D19000103B11 /* RagiSmoothListExampleAppApp.swift in Sources */,
			);
			runOnlyForDeploymentPostprocessing = 0;
		};
/* End PBXSourcesBuildPhase section */

/* Begin PBXTargetDependency section */
		524ABCE92941D67800205599 /* PBXTargetDependency */ = {
			isa = PBXTargetDependency;
			target = 52D01DFB2941CE4700103B11 /* RagiSmoothList */;
			targetProxy = 524ABCE82941D67800205599 /* PBXContainerItemProxy */;
		};
/* End PBXTargetDependency section */

/* Begin XCBuildConfiguration section */
		52D01E012941CE4700103B11 /* Debug */ = {
			isa = XCBuildConfiguration;
			buildSettings = {
				ALWAYS_SEARCH_USER_PATHS = NO;
				CLANG_ANALYZER_NONNULL = YES;
				CLANG_ANALYZER_NUMBER_OBJECT_CONVERSION = YES_AGGRESSIVE;
				CLANG_CXX_LANGUAGE_STANDARD = "gnu++20";
				CLANG_ENABLE_MODULES = YES;
				CLANG_ENABLE_OBJC_ARC = YES;
				CLANG_ENABLE_OBJC_WEAK = YES;
				CLANG_WARN_BLOCK_CAPTURE_AUTORELEASING = YES;
				CLANG_WARN_BOOL_CONVERSION = YES;
				CLANG_WARN_COMMA = YES;
				CLANG_WARN_CONSTANT_CONVERSION = YES;
				CLANG_WARN_DEPRECATED_OBJC_IMPLEMENTATIONS = YES;
				CLANG_WARN_DIRECT_OBJC_ISA_USAGE = YES_ERROR;
				CLANG_WARN_DOCUMENTATION_COMMENTS = YES;
				CLANG_WARN_EMPTY_BODY = YES;
				CLANG_WARN_ENUM_CONVERSION = YES;
				CLANG_WARN_INFINITE_RECURSION = YES;
				CLANG_WARN_INT_CONVERSION = YES;
				CLANG_WARN_NON_LITERAL_NULL_CONVERSION = YES;
				CLANG_WARN_OBJC_IMPLICIT_RETAIN_SELF = YES;
				CLANG_WARN_OBJC_LITERAL_CONVERSION = YES;
				CLANG_WARN_OBJC_ROOT_CLASS = YES_ERROR;
				CLANG_WARN_QUOTED_INCLUDE_IN_FRAMEWORK_HEADER = YES;
				CLANG_WARN_RANGE_LOOP_ANALYSIS = YES;
				CLANG_WARN_STRICT_PROTOTYPES = YES;
				CLANG_WARN_SUSPICIOUS_MOVE = YES;
				CLANG_WARN_UNGUARDED_AVAILABILITY = YES_AGGRESSIVE;
				CLANG_WARN_UNREACHABLE_CODE = YES;
				CLANG_WARN__DUPLICATE_METHOD_MATCH = YES;
				COPY_PHASE_STRIP = NO;
				CURRENT_PROJECT_VERSION = 1;
				DEBUG_INFORMATION_FORMAT = dwarf;
				ENABLE_STRICT_OBJC_MSGSEND = YES;
				ENABLE_TESTABILITY = YES;
				GCC_C_LANGUAGE_STANDARD = gnu11;
				GCC_DYNAMIC_NO_PIC = NO;
				GCC_NO_COMMON_BLOCKS = YES;
				GCC_OPTIMIZATION_LEVEL = 0;
				GCC_PREPROCESSOR_DEFINITIONS = (
					"DEBUG=1",
					"$(inherited)",
				);
				GCC_WARN_64_TO_32_BIT_CONVERSION = YES;
				GCC_WARN_ABOUT_RETURN_TYPE = YES_ERROR;
				GCC_WARN_UNDECLARED_SELECTOR = YES;
				GCC_WARN_UNINITIALIZED_AUTOS = YES_AGGRESSIVE;
				GCC_WARN_UNUSED_FUNCTION = YES;
				GCC_WARN_UNUSED_VARIABLE = YES;
				IPHONEOS_DEPLOYMENT_TARGET = 14.0;
				MTL_ENABLE_DEBUG_INFO = INCLUDE_SOURCE;
				MTL_FAST_MATH = YES;
				ONLY_ACTIVE_ARCH = YES;
				SDKROOT = iphoneos;
				SWIFT_ACTIVE_COMPILATION_CONDITIONS = DEBUG;
				SWIFT_OPTIMIZATION_LEVEL = "-Onone";
				VERSIONING_SYSTEM = "apple-generic";
				VERSION_INFO_PREFIX = "";
			};
			name = Debug;
		};
		52D01E022941CE4700103B11 /* Release */ = {
			isa = XCBuildConfiguration;
			buildSettings = {
				ALWAYS_SEARCH_USER_PATHS = NO;
				CLANG_ANALYZER_NONNULL = YES;
				CLANG_ANALYZER_NUMBER_OBJECT_CONVERSION = YES_AGGRESSIVE;
				CLANG_CXX_LANGUAGE_STANDARD = "gnu++20";
				CLANG_ENABLE_MODULES = YES;
				CLANG_ENABLE_OBJC_ARC = YES;
				CLANG_ENABLE_OBJC_WEAK = YES;
				CLANG_WARN_BLOCK_CAPTURE_AUTORELEASING = YES;
				CLANG_WARN_BOOL_CONVERSION = YES;
				CLANG_WARN_COMMA = YES;
				CLANG_WARN_CONSTANT_CONVERSION = YES;
				CLANG_WARN_DEPRECATED_OBJC_IMPLEMENTATIONS = YES;
				CLANG_WARN_DIRECT_OBJC_ISA_USAGE = YES_ERROR;
				CLANG_WARN_DOCUMENTATION_COMMENTS = YES;
				CLANG_WARN_EMPTY_BODY = YES;
				CLANG_WARN_ENUM_CONVERSION = YES;
				CLANG_WARN_INFINITE_RECURSION = YES;
				CLANG_WARN_INT_CONVERSION = YES;
				CLANG_WARN_NON_LITERAL_NULL_CONVERSION = YES;
				CLANG_WARN_OBJC_IMPLICIT_RETAIN_SELF = YES;
				CLANG_WARN_OBJC_LITERAL_CONVERSION = YES;
				CLANG_WARN_OBJC_ROOT_CLASS = YES_ERROR;
				CLANG_WARN_QUOTED_INCLUDE_IN_FRAMEWORK_HEADER = YES;
				CLANG_WARN_RANGE_LOOP_ANALYSIS = YES;
				CLANG_WARN_STRICT_PROTOTYPES = YES;
				CLANG_WARN_SUSPICIOUS_MOVE = YES;
				CLANG_WARN_UNGUARDED_AVAILABILITY = YES_AGGRESSIVE;
				CLANG_WARN_UNREACHABLE_CODE = YES;
				CLANG_WARN__DUPLICATE_METHOD_MATCH = YES;
				COPY_PHASE_STRIP = NO;
				CURRENT_PROJECT_VERSION = 1;
				DEBUG_INFORMATION_FORMAT = "dwarf-with-dsym";
				ENABLE_NS_ASSERTIONS = NO;
				ENABLE_STRICT_OBJC_MSGSEND = YES;
				GCC_C_LANGUAGE_STANDARD = gnu11;
				GCC_NO_COMMON_BLOCKS = YES;
				GCC_WARN_64_TO_32_BIT_CONVERSION = YES;
				GCC_WARN_ABOUT_RETURN_TYPE = YES_ERROR;
				GCC_WARN_UNDECLARED_SELECTOR = YES;
				GCC_WARN_UNINITIALIZED_AUTOS = YES_AGGRESSIVE;
				GCC_WARN_UNUSED_FUNCTION = YES;
				GCC_WARN_UNUSED_VARIABLE = YES;
				IPHONEOS_DEPLOYMENT_TARGET = 14.0;
				MTL_ENABLE_DEBUG_INFO = NO;
				MTL_FAST_MATH = YES;
				SDKROOT = iphoneos;
				SWIFT_COMPILATION_MODE = wholemodule;
				SWIFT_OPTIMIZATION_LEVEL = "-O";
				VALIDATE_PRODUCT = YES;
				VERSIONING_SYSTEM = "apple-generic";
				VERSION_INFO_PREFIX = "";
			};
			name = Release;
		};
		52D01E042941CE4700103B11 /* Debug */ = {
			isa = XCBuildConfiguration;
			buildSettings = {
				CLANG_ENABLE_MODULES = YES;
				CODE_SIGN_STYLE = Automatic;
				CURRENT_PROJECT_VERSION = 1;
				DEFINES_MODULE = YES;
				DYLIB_COMPATIBILITY_VERSION = 1;
				DYLIB_CURRENT_VERSION = 1;
				DYLIB_INSTALL_NAME_BASE = "@rpath";
				GENERATE_INFOPLIST_FILE = YES;
				INFOPLIST_KEY_NSHumanReadableCopyright = "";
				INSTALL_PATH = "$(LOCAL_LIBRARY_DIR)/Frameworks";
				LD_RUNPATH_SEARCH_PATHS = (
					"$(inherited)",
					"@executable_path/Frameworks",
					"@loader_path/Frameworks",
				);
				MARKETING_VERSION = 1.0;
				PRODUCT_BUNDLE_IDENTIFIER = com.ragingo.ios.RagiSmoothList;
				PRODUCT_NAME = "$(TARGET_NAME:c99extidentifier)";
				SKIP_INSTALL = YES;
				SWIFT_EMIT_LOC_STRINGS = YES;
				SWIFT_OPTIMIZATION_LEVEL = "-Onone";
				SWIFT_VERSION = 5.0;
				TARGETED_DEVICE_FAMILY = "1,2";
			};
			name = Debug;
		};
		52D01E052941CE4700103B11 /* Release */ = {
			isa = XCBuildConfiguration;
			buildSettings = {
				CLANG_ENABLE_MODULES = YES;
				CODE_SIGN_STYLE = Automatic;
				CURRENT_PROJECT_VERSION = 1;
				DEFINES_MODULE = YES;
				DYLIB_COMPATIBILITY_VERSION = 1;
				DYLIB_CURRENT_VERSION = 1;
				DYLIB_INSTALL_NAME_BASE = "@rpath";
				GENERATE_INFOPLIST_FILE = YES;
				INFOPLIST_KEY_NSHumanReadableCopyright = "";
				INSTALL_PATH = "$(LOCAL_LIBRARY_DIR)/Frameworks";
				LD_RUNPATH_SEARCH_PATHS = (
					"$(inherited)",
					"@executable_path/Frameworks",
					"@loader_path/Frameworks",
				);
				MARKETING_VERSION = 1.0;
				PRODUCT_BUNDLE_IDENTIFIER = com.ragingo.ios.RagiSmoothList;
				PRODUCT_NAME = "$(TARGET_NAME:c99extidentifier)";
				SKIP_INSTALL = YES;
				SWIFT_EMIT_LOC_STRINGS = YES;
				SWIFT_VERSION = 5.0;
				TARGETED_DEVICE_FAMILY = "1,2";
			};
			name = Release;
		};
		52D01E1D2941D19100103B11 /* Debug */ = {
			isa = XCBuildConfiguration;
			buildSettings = {
				ASSETCATALOG_COMPILER_APPICON_NAME = AppIcon;
				ASSETCATALOG_COMPILER_GLOBAL_ACCENT_COLOR_NAME = AccentColor;
				CODE_SIGN_STYLE = Automatic;
				CURRENT_PROJECT_VERSION = 1;
				DEVELOPMENT_ASSET_PATHS = "\"RagiSmoothListExampleApp/Preview Content\"";
				DEVELOPMENT_TEAM = "";
				ENABLE_PREVIEWS = YES;
				GENERATE_INFOPLIST_FILE = YES;
				INFOPLIST_KEY_UIApplicationSceneManifest_Generation = YES;
				INFOPLIST_KEY_UIApplicationSupportsIndirectInputEvents = YES;
				INFOPLIST_KEY_UILaunchScreen_Generation = YES;
				INFOPLIST_KEY_UISupportedInterfaceOrientations_iPad = "UIInterfaceOrientationPortrait UIInterfaceOrientationPortraitUpsideDown UIInterfaceOrientationLandscapeLeft UIInterfaceOrientationLandscapeRight";
				INFOPLIST_KEY_UISupportedInterfaceOrientations_iPhone = "UIInterfaceOrientationPortrait UIInterfaceOrientationLandscapeLeft UIInterfaceOrientationLandscapeRight";
				LD_RUNPATH_SEARCH_PATHS = (
					"$(inherited)",
					"@executable_path/Frameworks",
				);
				MARKETING_VERSION = 1.0;
				PRODUCT_BUNDLE_IDENTIFIER = com.ragingo.ios.RagiSmoothListExampleApp;
				PRODUCT_NAME = "$(TARGET_NAME)";
				SWIFT_EMIT_LOC_STRINGS = YES;
				SWIFT_VERSION = 5.0;
				TARGETED_DEVICE_FAMILY = "1,2";
			};
			name = Debug;
		};
		52D01E1E2941D19100103B11 /* Release */ = {
			isa = XCBuildConfiguration;
			buildSettings = {
				ASSETCATALOG_COMPILER_APPICON_NAME = AppIcon;
				ASSETCATALOG_COMPILER_GLOBAL_ACCENT_COLOR_NAME = AccentColor;
				CODE_SIGN_STYLE = Automatic;
				CURRENT_PROJECT_VERSION = 1;
				DEVELOPMENT_ASSET_PATHS = "\"RagiSmoothListExampleApp/Preview Content\"";
				DEVELOPMENT_TEAM = "";
				ENABLE_PREVIEWS = YES;
				GENERATE_INFOPLIST_FILE = YES;
				INFOPLIST_KEY_UIApplicationSceneManifest_Generation = YES;
				INFOPLIST_KEY_UIApplicationSupportsIndirectInputEvents = YES;
				INFOPLIST_KEY_UILaunchScreen_Generation = YES;
				INFOPLIST_KEY_UISupportedInterfaceOrientations_iPad = "UIInterfaceOrientationPortrait UIInterfaceOrientationPortraitUpsideDown UIInterfaceOrientationLandscapeLeft UIInterfaceOrientationLandscapeRight";
				INFOPLIST_KEY_UISupportedInterfaceOrientations_iPhone = "UIInterfaceOrientationPortrait UIInterfaceOrientationLandscapeLeft UIInterfaceOrientationLandscapeRight";
				LD_RUNPATH_SEARCH_PATHS = (
					"$(inherited)",
					"@executable_path/Frameworks",
				);
				MARKETING_VERSION = 1.0;
				PRODUCT_BUNDLE_IDENTIFIER = com.ragingo.ios.RagiSmoothListExampleApp;
				PRODUCT_NAME = "$(TARGET_NAME)";
				SWIFT_EMIT_LOC_STRINGS = YES;
				SWIFT_VERSION = 5.0;
				TARGETED_DEVICE_FAMILY = "1,2";
			};
			name = Release;
		};
/* End XCBuildConfiguration section */

/* Begin XCConfigurationList section */
		52D01DF62941CE4700103B11 /* Build configuration list for PBXProject "RagiSmoothList" */ = {
			isa = XCConfigurationList;
			buildConfigurations = (
				52D01E012941CE4700103B11 /* Debug */,
				52D01E022941CE4700103B11 /* Release */,
			);
			defaultConfigurationIsVisible = 0;
			defaultConfigurationName = Release;
		};
		52D01E032941CE4700103B11 /* Build configuration list for PBXNativeTarget "RagiSmoothList" */ = {
			isa = XCConfigurationList;
			buildConfigurations = (
				52D01E042941CE4700103B11 /* Debug */,
				52D01E052941CE4700103B11 /* Release */,
			);
			defaultConfigurationIsVisible = 0;
			defaultConfigurationName = Release;
		};
		52D01E1F2941D19100103B11 /* Build configuration list for PBXNativeTarget "RagiSmoothListExampleApp" */ = {
			isa = XCConfigurationList;
			buildConfigurations = (
				52D01E1D2941D19100103B11 /* Debug */,
				52D01E1E2941D19100103B11 /* Release */,
			);
			defaultConfigurationIsVisible = 0;
			defaultConfigurationName = Release;
		};
/* End XCConfigurationList section */

/* Begin XCRemoteSwiftPackageReference section */
		52FF043B2942177F0044495F /* XCRemoteSwiftPackageReference "RxDataSources" */ = {
			isa = XCRemoteSwiftPackageReference;
			repositoryURL = "https://github.com/RxSwiftCommunity/RxDataSources";
			requirement = {
				kind = upToNextMajorVersion;
				minimumVersion = 5.0.0;
			};
		};
/* End XCRemoteSwiftPackageReference section */

/* Begin XCSwiftPackageProductDependency section */
		52FF043C2942177F0044495F /* Differentiator */ = {
			isa = XCSwiftPackageProductDependency;
			package = 52FF043B2942177F0044495F /* XCRemoteSwiftPackageReference "RxDataSources" */;
			productName = Differentiator;
		};
/* End XCSwiftPackageProductDependency section */
	};
	rootObject = 52D01DF32941CE4700103B11 /* Project object */;
}
